
Microsoft Visual Studio Solution File, Format Version 12.00
# Visual Studio 15
VisualStudioVersion = 15.0.27428.2037
MinimumVisualStudioVersion = 10.0.40219.1
Project("{FAE04EC0-301F-11D3-BF4B-00C04F79EFBC}") = "newcustomers_Limena", "newcustomers_Limena\newcustomers_Limena.csproj", "{C881BFAB-2EAB-45BF-AB9D-E02FFE7E31BC}"
EndProject
Global
	GlobalSection(SolutionConfigurationPlatforms) = preSolution
		Debug|Any CPU = Debug|Any CPU
		Release|Any CPU = Release|Any CPU
	EndGlobalSection
	GlobalSection(ProjectConfigurationPlatforms) = postSolution
		{C881BFAB-2EAB-45BF-AB9D-E02FFE7E31BC}.Debug|Any CPU.ActiveCfg = Debug|Any CPU
		{C881BFAB-2EAB-45BF-AB9D-E02FFE7E31BC}.Debug|Any CPU.Build.0 = Debug|Any CPU
		{C881BFAB-2EAB-45BF-AB9D-E02FFE7E31BC}.Release|Any CPU.ActiveCfg = Release|Any CPU
		{C881BFAB-2EAB-45BF-AB9D-E02FFE7E31BC}.Release|Any CPU.Build.0 = Release|Any CPU
	EndGlobalSection
	GlobalSection(SolutionProperties) = preSolution
		HideSolutionNode = FALSE
	EndGlobalSection
	GlobalSection(ExtensibilityGlobals) = postSolution
		SolutionGuid = {038F4FE1-CE8D-4C8E-AE9A-6B995CAEEEE5}
	EndGlobalSection
EndGlobal
